
Microsoft Visual Studio Solution File, Format Version 12.00
# Visual Studio Version 16
VisualStudioVersion = 16.0.31624.102
MinimumVisualStudioVersion = 10.0.40219.1
Project("{FAE04EC0-301F-11D3-BF4B-00C04F79EFBC}") = "C2009i_New_Product", "C2009i_New_Product.csproj", "{84C8EF83-A87E-4583-B12B-10C42370FF0E}"
EndProject
Global
	GlobalSection(SolutionConfigurationPlatforms) = preSolution
		Debug|Any CPU = Debug|Any CPU
		Release|Any CPU = Release|Any CPU
	EndGlobalSection
	GlobalSection(ProjectConfigurationPlatforms) = postSolution
		{84C8EF83-A87E-4583-B12B-10C42370FF0E}.Debug|Any CPU.ActiveCfg = Debug|Any CPU
		{84C8EF83-A87E-4583-B12B-10C42370FF0E}.Debug|Any CPU.Build.0 = Debug|Any CPU
		{84C8EF83-A87E-4583-B12B-10C42370FF0E}.Release|Any CPU.ActiveCfg = Release|Any CPU
		{84C8EF83-A87E-4583-B12B-10C42370FF0E}.Release|Any CPU.Build.0 = Release|Any CPU
	EndGlobalSection
	GlobalSection(SolutionProperties) = preSolution
		HideSolutionNode = FALSE
	EndGlobalSection
	GlobalSection(ExtensibilityGlobals) = postSolution
		SolutionGuid = {10CC7EBC-80D8-4FB9-9CE0-8EDF833D4D06}
	EndGlobalSection
EndGlobal
