
Microsoft Visual Studio Solution File, Format Version 12.00
# Visual Studio Version 16
VisualStudioVersion = 16.0.31624.102
MinimumVisualStudioVersion = 10.0.40219.1
Project("{FAE04EC0-301F-11D3-BF4B-00C04F79EFBC}") = "Interface_Ex1", "Interface_Ex1.csproj", "{0408D15C-0C3C-49CD-A107-1DFB3C51FEF0}"
EndProject
Global
	GlobalSection(SolutionConfigurationPlatforms) = preSolution
		Debug|Any CPU = Debug|Any CPU
		Release|Any CPU = Release|Any CPU
	EndGlobalSection
	GlobalSection(ProjectConfigurationPlatforms) = postSolution
		{0408D15C-0C3C-49CD-A107-1DFB3C51FEF0}.Debug|Any CPU.ActiveCfg = Debug|Any CPU
		{0408D15C-0C3C-49CD-A107-1DFB3C51FEF0}.Debug|Any CPU.Build.0 = Debug|Any CPU
		{0408D15C-0C3C-49CD-A107-1DFB3C51FEF0}.Release|Any CPU.ActiveCfg = Release|Any CPU
		{0408D15C-0C3C-49CD-A107-1DFB3C51FEF0}.Release|Any CPU.Build.0 = Release|Any CPU
	EndGlobalSection
	GlobalSection(SolutionProperties) = preSolution
		HideSolutionNode = FALSE
	EndGlobalSection
	GlobalSection(ExtensibilityGlobals) = postSolution
		SolutionGuid = {B14B5CA8-AA1B-43BF-914D-1B722D9DC722}
	EndGlobalSection
EndGlobal
