
Microsoft Visual Studio Solution File, Format Version 12.00
# Visual Studio Version 16
VisualStudioVersion = 16.0.31624.102
MinimumVisualStudioVersion = 10.0.40219.1
Project("{FAE04EC0-301F-11D3-BF4B-00C04F79EFBC}") = "Aptech", "Aptech.csproj", "{ACD4D805-686A-4E66-863F-7757D3DA657C}"
EndProject
Global
	GlobalSection(SolutionConfigurationPlatforms) = preSolution
		Debug|Any CPU = Debug|Any CPU
		Release|Any CPU = Release|Any CPU
	EndGlobalSection
	GlobalSection(ProjectConfigurationPlatforms) = postSolution
		{ACD4D805-686A-4E66-863F-7757D3DA657C}.Debug|Any CPU.ActiveCfg = Debug|Any CPU
		{ACD4D805-686A-4E66-863F-7757D3DA657C}.Debug|Any CPU.Build.0 = Debug|Any CPU
		{ACD4D805-686A-4E66-863F-7757D3DA657C}.Release|Any CPU.ActiveCfg = Release|Any CPU
		{ACD4D805-686A-4E66-863F-7757D3DA657C}.Release|Any CPU.Build.0 = Release|Any CPU
	EndGlobalSection
	GlobalSection(SolutionProperties) = preSolution
		HideSolutionNode = FALSE
	EndGlobalSection
	GlobalSection(ExtensibilityGlobals) = postSolution
		SolutionGuid = {34B76056-CC93-4934-B07A-006B4844468D}
	EndGlobalSection
EndGlobal
