
Microsoft Visual Studio Solution File, Format Version 12.00
# Visual Studio Version 16
VisualStudioVersion = 16.0.31624.102
MinimumVisualStudioVersion = 10.0.40219.1
Project("{FAE04EC0-301F-11D3-BF4B-00C04F79EFBC}") = "C2009i_product", "C2009i_product.csproj", "{6414709B-CC28-4FAD-B6C9-7D3621FE7949}"
EndProject
Global
	GlobalSection(SolutionConfigurationPlatforms) = preSolution
		Debug|Any CPU = Debug|Any CPU
		Release|Any CPU = Release|Any CPU
	EndGlobalSection
	GlobalSection(ProjectConfigurationPlatforms) = postSolution
		{6414709B-CC28-4FAD-B6C9-7D3621FE7949}.Debug|Any CPU.ActiveCfg = Debug|Any CPU
		{6414709B-CC28-4FAD-B6C9-7D3621FE7949}.Debug|Any CPU.Build.0 = Debug|Any CPU
		{6414709B-CC28-4FAD-B6C9-7D3621FE7949}.Release|Any CPU.ActiveCfg = Release|Any CPU
		{6414709B-CC28-4FAD-B6C9-7D3621FE7949}.Release|Any CPU.Build.0 = Release|Any CPU
	EndGlobalSection
	GlobalSection(SolutionProperties) = preSolution
		HideSolutionNode = FALSE
	EndGlobalSection
	GlobalSection(ExtensibilityGlobals) = postSolution
		SolutionGuid = {E3433EFA-B1B7-4CAC-8EF4-735F753CFEE3}
	EndGlobalSection
EndGlobal
