
Microsoft Visual Studio Solution File, Format Version 12.00
# Visual Studio Version 17
VisualStudioVersion = 17.0.31717.71
MinimumVisualStudioVersion = 10.0.40219.1
Project("{FAE04EC0-301F-11D3-BF4B-00C04F79EFBC}") = "Product_Csharp2", "Product_Csharp2\Product_Csharp2.csproj", "{9DA93EF8-6D34-4F7A-9A55-14B3D95D57AD}"
EndProject
Global
	GlobalSection(SolutionConfigurationPlatforms) = preSolution
		Debug|Any CPU = Debug|Any CPU
		Release|Any CPU = Release|Any CPU
	EndGlobalSection
	GlobalSection(ProjectConfigurationPlatforms) = postSolution
		{9DA93EF8-6D34-4F7A-9A55-14B3D95D57AD}.Debug|Any CPU.ActiveCfg = Debug|Any CPU
		{9DA93EF8-6D34-4F7A-9A55-14B3D95D57AD}.Debug|Any CPU.Build.0 = Debug|Any CPU
		{9DA93EF8-6D34-4F7A-9A55-14B3D95D57AD}.Release|Any CPU.ActiveCfg = Release|Any CPU
		{9DA93EF8-6D34-4F7A-9A55-14B3D95D57AD}.Release|Any CPU.Build.0 = Release|Any CPU
	EndGlobalSection
	GlobalSection(SolutionProperties) = preSolution
		HideSolutionNode = FALSE
	EndGlobalSection
	GlobalSection(ExtensibilityGlobals) = postSolution
		SolutionGuid = {705BDD2B-6FB3-41CC-B0F3-C1AE5BFAB3E9}
	EndGlobalSection
EndGlobal
